
Microsoft Visual Studio Solution File, Format Version 12.00
# Visual Studio Version 16
VisualStudioVersion = 16.0.29806.167
MinimumVisualStudioVersion = 10.0.40219.1
Project("{9A19103F-16F7-4668-BE54-9A1E7A4F7556}") = "ToEmit.Web", "ToEmit.Web.csproj", "{AF145128-CB1D-4CD3-BC87-8E4E08FECFB7}"
EndProject
Project("{FAE04EC0-301F-11D3-BF4B-00C04F79EFBC}") = "ToEmit.Application", "..\ToEmit.Application\ToEmit.Application.csproj", "{3812F626-F4D4-470C-AB7D-502D5A7E07F9}"
EndProject
Global
	GlobalSection(SolutionConfigurationPlatforms) = preSolution
		Debug|Any CPU = Debug|Any CPU
		Release|Any CPU = Release|Any CPU
	EndGlobalSection
	GlobalSection(ProjectConfigurationPlatforms) = postSolution
		{AF145128-CB1D-4CD3-BC87-8E4E08FECFB7}.Debug|Any CPU.ActiveCfg = Debug|Any CPU
		{AF145128-CB1D-4CD3-BC87-8E4E08FECFB7}.Debug|Any CPU.Build.0 = Debug|Any CPU
		{AF145128-CB1D-4CD3-BC87-8E4E08FECFB7}.Release|Any CPU.ActiveCfg = Release|Any CPU
		{AF145128-CB1D-4CD3-BC87-8E4E08FECFB7}.Release|Any CPU.Build.0 = Release|Any CPU
		{3812F626-F4D4-470C-AB7D-502D5A7E07F9}.Debug|Any CPU.ActiveCfg = Debug|Any CPU
		{3812F626-F4D4-470C-AB7D-502D5A7E07F9}.Debug|Any CPU.Build.0 = Debug|Any CPU
		{3812F626-F4D4-470C-AB7D-502D5A7E07F9}.Release|Any CPU.ActiveCfg = Release|Any CPU
		{3812F626-F4D4-470C-AB7D-502D5A7E07F9}.Release|Any CPU.Build.0 = Release|Any CPU
	EndGlobalSection
	GlobalSection(SolutionProperties) = preSolution
		HideSolutionNode = FALSE
	EndGlobalSection
	GlobalSection(ExtensibilityGlobals) = postSolution
		SolutionGuid = {7041D031-2A1A-4ED2-B8C7-359729E39618}
	EndGlobalSection
EndGlobal
